
Microsoft Visual Studio Solution File, Format Version 12.00
# Visual Studio 15
VisualStudioVersion = 15.0.27703.2047
MinimumVisualStudioVersion = 10.0.40219.1
Project("{FAE04EC0-301F-11D3-BF4B-00C04F79EFBC}") = "ActionFiltersAssignment", "ActionFiltersAssignment\ActionFiltersAssignment.csproj", "{FAA5CABC-3751-461F-9E9E-256CFFE22C33}"
EndProject
Global
	GlobalSection(SolutionConfigurationPlatforms) = preSolution
		Debug|Any CPU = Debug|Any CPU
		Release|Any CPU = Release|Any CPU
	EndGlobalSection
	GlobalSection(ProjectConfigurationPlatforms) = postSolution
		{FAA5CABC-3751-461F-9E9E-256CFFE22C33}.Debug|Any CPU.ActiveCfg = Debug|Any CPU
		{FAA5CABC-3751-461F-9E9E-256CFFE22C33}.Debug|Any CPU.Build.0 = Debug|Any CPU
		{FAA5CABC-3751-461F-9E9E-256CFFE22C33}.Release|Any CPU.ActiveCfg = Release|Any CPU
		{FAA5CABC-3751-461F-9E9E-256CFFE22C33}.Release|Any CPU.Build.0 = Release|Any CPU
	EndGlobalSection
	GlobalSection(SolutionProperties) = preSolution
		HideSolutionNode = FALSE
	EndGlobalSection
	GlobalSection(ExtensibilityGlobals) = postSolution
		SolutionGuid = {E9E7331F-7E73-49DA-95D3-F3942562A4CE}
	EndGlobalSection
EndGlobal
